# THIS IS AN AUTOGENERATED FILE. DO NOT EDIT THIS FILE DIRECTLY.
# yarn lockfile v1


n@^7.3.1:
  version "7.3.1"
  resolved "https://registry.yarnpkg.com/n/-/n-7.3.1.tgz#f51bcceaaee3b9094fd8eeaf619861dabcfa28a8"
  integrity sha512-vlbroyk1QJ1gAs9laSPAS28HnRMm2fP7BkK7hu7z8SNslwKyZ6qoNV018U1hOiyB0BcDRT9uelA8E0HgJJlYog==
